
Microsoft Visual Studio Solution File, Format Version 12.00
# Visual Studio Version 16
VisualStudioVersion = 16.0.30503.244
MinimumVisualStudioVersion = 10.0.40219.1
Project("{FAE04EC0-301F-11D3-BF4B-00C04F79EFBC}") = "OOP_LAB_1_WPF", "OOP_LAB_1_WPF\OOP_LAB_1_WPF.csproj", "{9B754867-9F5C-4BEF-83C3-F6640B0ABD98}"
EndProject
Global
	GlobalSection(SolutionConfigurationPlatforms) = preSolution
		Debug|Any CPU = Debug|Any CPU
		Release|Any CPU = Release|Any CPU
	EndGlobalSection
	GlobalSection(ProjectConfigurationPlatforms) = postSolution
		{9B754867-9F5C-4BEF-83C3-F6640B0ABD98}.Debug|Any CPU.ActiveCfg = Debug|Any CPU
		{9B754867-9F5C-4BEF-83C3-F6640B0ABD98}.Debug|Any CPU.Build.0 = Debug|Any CPU
		{9B754867-9F5C-4BEF-83C3-F6640B0ABD98}.Release|Any CPU.ActiveCfg = Release|Any CPU
		{9B754867-9F5C-4BEF-83C3-F6640B0ABD98}.Release|Any CPU.Build.0 = Release|Any CPU
	EndGlobalSection
	GlobalSection(SolutionProperties) = preSolution
		HideSolutionNode = FALSE
	EndGlobalSection
	GlobalSection(ExtensibilityGlobals) = postSolution
		SolutionGuid = {E98A099B-63B9-4B56-A54B-93168EDA06A6}
	EndGlobalSection
EndGlobal
